{
  "name": "nixos-config-types",
  "lockfileVersion": 3,
  "requires": true,
  "packages": {
    "": {
      "name": "nixos-config-types",
      "devDependencies": {
        "@opencode-ai/plugin": "1.1.64",
        "@types/node": "^24.6.0"
      }
    },
    "node_modules/@opencode-ai/plugin": {
      "version": "1.1.64",
      "resolved": "https://registry.npmjs.org/@opencode-ai/plugin/-/plugin-1.1.64.tgz",
      "integrity": "sha512-3UAChQQf9L2uZPxGLgn9dFS7d9gtMeW1VEKPWfRV16ZgraaBT0bxjGqt4vc9Ne8mZgntAe/qpBfqY4BSpfZQbA==",
      "dev": true,
      "license": "MIT",
      "dependencies": {
        "@opencode-ai/sdk": "1.1.64",
        "zod": "4.1.8"
      }
    },
    "node_modules/@opencode-ai/sdk": {
      "version": "1.1.64",
      "resolved": "https://registry.npmjs.org/@opencode-ai/sdk/-/sdk-1.1.64.tgz",
      "integrity": "sha512-g+bZGx/86JlRTKyPWsD1oFu1SoENIHeKK4LhzWWFToPv4tpN3MSLVGSUsoTSi2XqSd9JzkfPBHPdTeFvqcbzMA==",
      "dev": true,
      "license": "MIT"
    },
    "node_modules/@types/node": {
      "version": "24.11.0",
      "resolved": "https://registry.npmjs.org/@types/node/-/node-24.11.0.tgz",
      "integrity": "sha512-fPxQqz4VTgPI/IQ+lj9r0h+fDR66bzoeMGHp8ASee+32OSGIkeASsoZuJixsQoVef1QJbeubcPBxKk22QVoWdw==",
      "dev": true,
      "license": "MIT",
      "dependencies": {
        "undici-types": "~7.16.0"
      }
    },
    "node_modules/undici-types": {
      "version": "7.16.0",
      "resolved": "https://registry.npmjs.org/undici-types/-/undici-types-7.16.0.tgz",
      "integrity": "sha512-Zz+aZWSj8LE6zoxD+xrjh4VfkIG8Ya6LvYkZqtUQGJPZjYl53ypCaUwWqo7eI0x66KBGeRo+mlBEkMSeSZ38Nw==",
      "dev": true,
      "license": "MIT"
    },
    "node_modules/zod": {
      "version": "4.1.8",
      "resolved": "https://registry.npmjs.org/zod/-/zod-4.1.8.tgz",
      "integrity": "sha512-5R1P+WwQqmmMIEACyzSvo4JXHY5WiAFHRMg+zBZKgKS+Q1viRa0C1hmUKtHltoIFKtIdki3pRxkmpP74jnNYHQ==",
      "dev": true,
      "license": "MIT",
      "funding": {
        "url": "https://github.com/sponsors/colinhacks"
      }
    }
  }
}
